
Microsoft Visual Studio Solution File, Format Version 12.00
# Visual Studio 14
VisualStudioVersion = 14.0.24720.0
MinimumVisualStudioVersion = 10.0.40219.1
Project("{FAE04EC0-301F-11D3-BF4B-00C04F79EFBC}") = "ControleDeAcademia", "ControleDeAcademia\ControleDeAcademia.csproj", "{D7917FA8-9ADE-4B5C-9433-65DB158103D2}"
EndProject
Global
	GlobalSection(SolutionConfigurationPlatforms) = preSolution
		Debug|Any CPU = Debug|Any CPU
		Final|Any CPU = Final|Any CPU
		Release|Any CPU = Release|Any CPU
	EndGlobalSection
	GlobalSection(ProjectConfigurationPlatforms) = postSolution
		{D7917FA8-9ADE-4B5C-9433-65DB158103D2}.Debug|Any CPU.ActiveCfg = Release|Any CPU
		{D7917FA8-9ADE-4B5C-9433-65DB158103D2}.Debug|Any CPU.Build.0 = Release|Any CPU
		{D7917FA8-9ADE-4B5C-9433-65DB158103D2}.Final|Any CPU.ActiveCfg = Release|Any CPU
		{D7917FA8-9ADE-4B5C-9433-65DB158103D2}.Final|Any CPU.Build.0 = Release|Any CPU
		{D7917FA8-9ADE-4B5C-9433-65DB158103D2}.Release|Any CPU.ActiveCfg = Release|Any CPU
		{D7917FA8-9ADE-4B5C-9433-65DB158103D2}.Release|Any CPU.Build.0 = Release|Any CPU
	EndGlobalSection
	GlobalSection(SolutionProperties) = preSolution
		HideSolutionNode = FALSE
	EndGlobalSection
EndGlobal
